
Microsoft Visual Studio Solution File, Format Version 11.00
# Visual Studio 2010
Project("{8BC9CEB8-8B4A-11D0-8D11-00A0C91BC942}") = "Lab301", "Lab301\Lab301.vcxproj", "{0172660D-3955-4DBB-AD75-17D838ACBF59}"
EndProject
Project("{8BC9CEB8-8B4A-11D0-8D11-00A0C91BC942}") = "Lab303", "Lab303\Lab303.vcxproj", "{7DCB13D0-D55F-4913-8BF8-A2A08C82AB07}"
EndProject
Project("{8BC9CEB8-8B4A-11D0-8D11-00A0C91BC942}") = "Lab304", "Lab304\Lab304.vcxproj", "{B037C97B-9EF1-4E7E-BAA7-31820AB3D740}"
EndProject
Project("{8BC9CEB8-8B4A-11D0-8D11-00A0C91BC942}") = "Lab305", "Lab305\Lab305.vcxproj", "{054F04E4-9538-4578-AF42-0445ECEFDF4F}"
EndProject
Project("{8BC9CEB8-8B4A-11D0-8D11-00A0C91BC942}") = "Lab306", "Lab306\Lab306.vcxproj", "{9B3010A5-B3E0-4B8A-B588-31EBC68D65C4}"
EndProject
Project("{8BC9CEB8-8B4A-11D0-8D11-00A0C91BC942}") = "Lab307", "Lab307\Lab307.vcxproj", "{E240BFB6-7216-497D-865D-B77FDC6CD480}"
EndProject
Project("{8BC9CEB8-8B4A-11D0-8D11-00A0C91BC942}") = "Lab308", "Lab308\Lab308.vcxproj", "{10714534-B47F-43FB-94B8-EDC5C2D1A447}"
EndProject
Project("{8BC9CEB8-8B4A-11D0-8D11-00A0C91BC942}") = "Lab309", "Lab309\Lab309.vcxproj", "{91737DFE-AFDC-42FA-8AED-D52E221735B8}"
EndProject
Project("{8BC9CEB8-8B4A-11D0-8D11-00A0C91BC942}") = "Lab401", "Lab401\Lab401.vcxproj", "{490EC3C9-0D72-4871-A22E-916D560873DC}"
EndProject
Project("{8BC9CEB8-8B4A-11D0-8D11-00A0C91BC942}") = "Lab402", "Lab402\Lab402.vcxproj", "{747F6F22-4548-4EE6-A06E-A5F88B533A30}"
EndProject
Global
	GlobalSection(SubversionScc) = preSolution
		Svn-Managed = True
		Manager = AnkhSVN - Subversion Support for Visual Studio
	EndGlobalSection
	GlobalSection(SolutionConfigurationPlatforms) = preSolution
		Debug|Win32 = Debug|Win32
		Release|Win32 = Release|Win32
	EndGlobalSection
	GlobalSection(ProjectConfigurationPlatforms) = postSolution
		{0172660D-3955-4DBB-AD75-17D838ACBF59}.Debug|Win32.ActiveCfg = Debug|Win32
		{0172660D-3955-4DBB-AD75-17D838ACBF59}.Debug|Win32.Build.0 = Debug|Win32
		{0172660D-3955-4DBB-AD75-17D838ACBF59}.Release|Win32.ActiveCfg = Release|Win32
		{7DCB13D0-D55F-4913-8BF8-A2A08C82AB07}.Debug|Win32.ActiveCfg = Debug|Win32
		{7DCB13D0-D55F-4913-8BF8-A2A08C82AB07}.Debug|Win32.Build.0 = Debug|Win32
		{7DCB13D0-D55F-4913-8BF8-A2A08C82AB07}.Release|Win32.ActiveCfg = Release|Win32
		{B037C97B-9EF1-4E7E-BAA7-31820AB3D740}.Debug|Win32.ActiveCfg = Debug|Win32
		{B037C97B-9EF1-4E7E-BAA7-31820AB3D740}.Debug|Win32.Build.0 = Debug|Win32
		{B037C97B-9EF1-4E7E-BAA7-31820AB3D740}.Release|Win32.ActiveCfg = Release|Win32
		{054F04E4-9538-4578-AF42-0445ECEFDF4F}.Debug|Win32.ActiveCfg = Debug|Win32
		{054F04E4-9538-4578-AF42-0445ECEFDF4F}.Debug|Win32.Build.0 = Debug|Win32
		{054F04E4-9538-4578-AF42-0445ECEFDF4F}.Release|Win32.ActiveCfg = Release|Win32
		{9B3010A5-B3E0-4B8A-B588-31EBC68D65C4}.Debug|Win32.ActiveCfg = Debug|Win32
		{9B3010A5-B3E0-4B8A-B588-31EBC68D65C4}.Debug|Win32.Build.0 = Debug|Win32
		{9B3010A5-B3E0-4B8A-B588-31EBC68D65C4}.Release|Win32.ActiveCfg = Release|Win32
		{E240BFB6-7216-497D-865D-B77FDC6CD480}.Debug|Win32.ActiveCfg = Debug|Win32
		{E240BFB6-7216-497D-865D-B77FDC6CD480}.Debug|Win32.Build.0 = Debug|Win32
		{E240BFB6-7216-497D-865D-B77FDC6CD480}.Release|Win32.ActiveCfg = Release|Win32
		{10714534-B47F-43FB-94B8-EDC5C2D1A447}.Debug|Win32.ActiveCfg = Debug|Win32
		{10714534-B47F-43FB-94B8-EDC5C2D1A447}.Debug|Win32.Build.0 = Debug|Win32
		{10714534-B47F-43FB-94B8-EDC5C2D1A447}.Release|Win32.ActiveCfg = Release|Win32
		{91737DFE-AFDC-42FA-8AED-D52E221735B8}.Debug|Win32.ActiveCfg = Debug|Win32
		{91737DFE-AFDC-42FA-8AED-D52E221735B8}.Debug|Win32.Build.0 = Debug|Win32
		{91737DFE-AFDC-42FA-8AED-D52E221735B8}.Release|Win32.ActiveCfg = Release|Win32
		{490EC3C9-0D72-4871-A22E-916D560873DC}.Debug|Win32.ActiveCfg = Debug|Win32
		{490EC3C9-0D72-4871-A22E-916D560873DC}.Debug|Win32.Build.0 = Debug|Win32
		{490EC3C9-0D72-4871-A22E-916D560873DC}.Release|Win32.ActiveCfg = Release|Win32
		{747F6F22-4548-4EE6-A06E-A5F88B533A30}.Debug|Win32.ActiveCfg = Debug|Win32
		{747F6F22-4548-4EE6-A06E-A5F88B533A30}.Debug|Win32.Build.0 = Debug|Win32
		{747F6F22-4548-4EE6-A06E-A5F88B533A30}.Release|Win32.ActiveCfg = Release|Win32
	EndGlobalSection
	GlobalSection(SolutionProperties) = preSolution
		HideSolutionNode = FALSE
	EndGlobalSection
EndGlobal
